
Microsoft Visual Studio Solution File, Format Version 12.00
# Visual Studio 2013
VisualStudioVersion = 12.0.21005.1
MinimumVisualStudioVersion = 10.0.40219.1
Project("{FAE04EC0-301F-11D3-BF4B-00C04F79EFBC}") = "wekadbgen.ui", "wekadbgen.ui\wekadbgen.ui.csproj", "{43534877-9FA2-456D-9254-E940B95244AA}"
EndProject
Project("{FAE04EC0-301F-11D3-BF4B-00C04F79EFBC}") = "wekadbgen.test", "wekadbgen.test\wekadbgen.test.csproj", "{E21400C8-6618-47F2-9AFB-98DDFED91865}"
EndProject
Global
	GlobalSection(SolutionConfigurationPlatforms) = preSolution
		Debug|Any CPU = Debug|Any CPU
		Release|Any CPU = Release|Any CPU
	EndGlobalSection
	GlobalSection(ProjectConfigurationPlatforms) = postSolution
		{43534877-9FA2-456D-9254-E940B95244AA}.Debug|Any CPU.ActiveCfg = Debug|Any CPU
		{43534877-9FA2-456D-9254-E940B95244AA}.Debug|Any CPU.Build.0 = Debug|Any CPU
		{43534877-9FA2-456D-9254-E940B95244AA}.Release|Any CPU.ActiveCfg = Release|Any CPU
		{43534877-9FA2-456D-9254-E940B95244AA}.Release|Any CPU.Build.0 = Release|Any CPU
		{E21400C8-6618-47F2-9AFB-98DDFED91865}.Debug|Any CPU.ActiveCfg = Debug|Any CPU
		{E21400C8-6618-47F2-9AFB-98DDFED91865}.Debug|Any CPU.Build.0 = Debug|Any CPU
		{E21400C8-6618-47F2-9AFB-98DDFED91865}.Release|Any CPU.ActiveCfg = Release|Any CPU
		{E21400C8-6618-47F2-9AFB-98DDFED91865}.Release|Any CPU.Build.0 = Release|Any CPU
	EndGlobalSection
	GlobalSection(SolutionProperties) = preSolution
		HideSolutionNode = FALSE
	EndGlobalSection
EndGlobal
